
Microsoft Visual Studio Solution File, Format Version 12.00
# Visual Studio Version 16
VisualStudioVersion = 16.0.30011.22
MinimumVisualStudioVersion = 10.0.40219.1
Project("{FAE04EC0-301F-11D3-BF4B-00C04F79EFBC}") = "Watermark", "src\Watermark.csproj", "{45CA8F45-C14D-4C2E-853C-44F4B9CD4CBE}"
EndProject
Project("{FAE04EC0-301F-11D3-BF4B-00C04F79EFBC}") = "Watermark.Test", "test\Watermark.Test.csproj", "{7FA40285-3F75-433E-B82E-445164AC0CAF}"
EndProject
Global
	GlobalSection(SolutionConfigurationPlatforms) = preSolution
		Debug|Any CPU = Debug|Any CPU
		Release|Any CPU = Release|Any CPU
	EndGlobalSection
	GlobalSection(ProjectConfigurationPlatforms) = postSolution
		{45CA8F45-C14D-4C2E-853C-44F4B9CD4CBE}.Debug|Any CPU.ActiveCfg = Debug|Any CPU
		{45CA8F45-C14D-4C2E-853C-44F4B9CD4CBE}.Debug|Any CPU.Build.0 = Debug|Any CPU
		{45CA8F45-C14D-4C2E-853C-44F4B9CD4CBE}.Release|Any CPU.ActiveCfg = Release|Any CPU
		{45CA8F45-C14D-4C2E-853C-44F4B9CD4CBE}.Release|Any CPU.Build.0 = Release|Any CPU
		{7FA40285-3F75-433E-B82E-445164AC0CAF}.Debug|Any CPU.ActiveCfg = Debug|Any CPU
		{7FA40285-3F75-433E-B82E-445164AC0CAF}.Debug|Any CPU.Build.0 = Debug|Any CPU
		{7FA40285-3F75-433E-B82E-445164AC0CAF}.Release|Any CPU.ActiveCfg = Release|Any CPU
		{7FA40285-3F75-433E-B82E-445164AC0CAF}.Release|Any CPU.Build.0 = Release|Any CPU
	EndGlobalSection
	GlobalSection(SolutionProperties) = preSolution
		HideSolutionNode = FALSE
	EndGlobalSection
	GlobalSection(ExtensibilityGlobals) = postSolution
		SolutionGuid = {CF0D0A93-A88E-4226-9A22-DC78B94C1A39}
	EndGlobalSection
EndGlobal
